
Microsoft Visual Studio Solution File, Format Version 12.00
# Visual Studio Version 17
VisualStudioVersion = 17.14.36121.58
MinimumVisualStudioVersion = 10.0.40219.1
Project("{FAE04EC0-301F-11D3-BF4B-00C04F79EFBC}") = "EnvioMail", "api\EnvioMail.csproj", "{78086806-4402-0FA7-7070-F0FA4E9B9693}"
EndProject
Global
	GlobalSection(SolutionConfigurationPlatforms) = preSolution
		Debug|Any CPU = Debug|Any CPU
		Release|Any CPU = Release|Any CPU
	EndGlobalSection
	GlobalSection(ProjectConfigurationPlatforms) = postSolution
		{78086806-4402-0FA7-7070-F0FA4E9B9693}.Debug|Any CPU.ActiveCfg = Debug|Any CPU
		{78086806-4402-0FA7-7070-F0FA4E9B9693}.Debug|Any CPU.Build.0 = Debug|Any CPU
		{78086806-4402-0FA7-7070-F0FA4E9B9693}.Release|Any CPU.ActiveCfg = Release|Any CPU
		{78086806-4402-0FA7-7070-F0FA4E9B9693}.Release|Any CPU.Build.0 = Release|Any CPU
	EndGlobalSection
	GlobalSection(SolutionProperties) = preSolution
		HideSolutionNode = FALSE
	EndGlobalSection
	GlobalSection(ExtensibilityGlobals) = postSolution
		SolutionGuid = {D15DB353-6F93-4135-8C90-EB00F767C278}
	EndGlobalSection
EndGlobal
